github.com/hasuburero/util v0.0.0-20250107020550-56ae922668b4 h1:sagjkvWUCSBnmho6ehw+IiD4oyFleQdWgxfU159/CPc=
github.com/hasuburero/util v0.0.0-20250107020550-56ae922668b4/go.mod h1:nP2p7JvNizKn1L/TuaUOy9HGANi/MpXu+qub+y7cn3s=
github.com/hasuburero/util v0.0.0-20250107022252-56bfa9b69e30 h1:w1LO3u8pyUG2Q/3x27UxTVER6RMbCB6KzcUzmhHs2qc=
github.com/hasuburero/util v0.0.0-20250107022252-56bfa9b69e30/go.mod h1:nP2p7JvNizKn1L/TuaUOy9HGANi/MpXu+qub+y7cn3s=
